// !$*UTF8*$!
{
	archiveVersion = 1;
	classes = {
	};
	objectVersion = 56;
	objects = {

/* Begin PBXBuildFile section */
		1A2B3C4D5E6F700000000001 /* WebAppStudioApp.swift in Sources */ = {isa = PBXBuildFile; fileRef = 1A2B3C4D5E6F700000000101 /* WebAppStudioApp.swift */; };
		1A2B3C4D5E6F700000000002 /* ContentView.swift in Sources */ = {isa = PBXBuildFile; fileRef = 1A2B3C4D5E6F700000000102 /* ContentView.swift */; };
		1A2B3C4D5E6F700000000003 /* Models.swift in Sources */ = {isa = PBXBuildFile; fileRef = 1A2B3C4D5E6F700000000103 /* Models.swift */; };
		1A2B3C4D5E6F700000000004 /* WebAppDocument.swift in Sources */ = {isa = PBXBuildFile; fileRef = 1A2B3C4D5E6F700000000104 /* WebAppDocument.swift */; };
		1A2B3C4D5E6F700000000005 /* WebPreview.swift in Sources */ = {isa = PBXBuildFile; fileRef = 1A2B3C4D5E6F700000000105 /* WebPreview.swift */; };
		1A2B3C4D5E6F700000000006 /* Exporter.swift in Sources */ = {isa = PBXBuildFile; fileRef = 1A2B3C4D5E6F700000000106 /* Exporter.swift */; };
		1A2B3C4D5E6F700000000007 /* Assets.xcassets in Resources */ = {isa = PBXBuildFile; fileRef = 1A2B3C4D5E6F700000000107 /* Assets.xcassets */; };
		1A2B3C4D5E6F700000000008 /* ProjectFileManager.swift in Sources */ = {isa = PBXBuildFile; fileRef = 1A2B3C4D5E6F700000000109 /* ProjectFileManager.swift */; };
		1A2B3C4D5E6F700000000009 /* Templates.swift in Sources */ = {isa = PBXBuildFile; fileRef = 1A2B3C4D5E6F700000000110 /* Templates.swift */; };
		1A2B3C4D5E6F70000000000A /* ReadinessChecker.swift in Sources */ = {isa = PBXBuildFile; fileRef = 1A2B3C4D5E6F700000000111 /* ReadinessChecker.swift */; };
		1A2B3C4D5E6F70000000000B /* WebAppIconRenderer.swift in Sources */ = {isa = PBXBuildFile; fileRef = 1A2B3C4D5E6F700000000112 /* WebAppIconRenderer.swift */; };
		1A2B3C4D5E6F70000000000C /* WebAppImporter.swift in Sources */ = {isa = PBXBuildFile; fileRef = 1A2B3C4D5E6F700000000113 /* WebAppImporter.swift */; };
		1A2B3C4D5E6F70000000000D /* LocalPreviewServer.swift in Sources */ = {isa = PBXBuildFile; fileRef = 1A2B3C4D5E6F700000000114 /* LocalPreviewServer.swift */; };
		1A2B3C4D5E6F70000000000E /* QRCodeRenderer.swift in Sources */ = {isa = PBXBuildFile; fileRef = 1A2B3C4D5E6F700000000115 /* QRCodeRenderer.swift */; };
		1A2B3C4D5E6F70000000000F /* PerformanceBudgetChecker.swift in Sources */ = {isa = PBXBuildFile; fileRef = 1A2B3C4D5E6F700000000116 /* PerformanceBudgetChecker.swift */; };
		1A2B3C4D5E6F7000000001F0 /* SnippetLibrary.swift in Sources */ = {isa = PBXBuildFile; fileRef = 1A2B3C4D5E6F700000000117 /* SnippetLibrary.swift */; };
		1A2B3C4D5E6F7000000001F1 /* ZipArchive.swift in Sources */ = {isa = PBXBuildFile; fileRef = 1A2B3C4D5E6F700000000118 /* ZipArchive.swift */; };
		1A2B3C4D5E6F7000000001F2 /* DeploymentReportExporter.swift in Sources */ = {isa = PBXBuildFile; fileRef = 1A2B3C4D5E6F700000000119 /* DeploymentReportExporter.swift */; };
		1A2B3C4D5E6F7000000001F3 /* PreviewScreenshotExporter.swift in Sources */ = {isa = PBXBuildFile; fileRef = 1A2B3C4D5E6F700000000120 /* PreviewScreenshotExporter.swift */; };
		1A2B3C4D5E6F7000000001F4 /* DeviceCompatibilityChecker.swift in Sources */ = {isa = PBXBuildFile; fileRef = 1A2B3C4D5E6F700000000121 /* DeviceCompatibilityChecker.swift */; };
		1A2B3C4D5E6F7000000001F5 /* DeviceCompatibilityReportExporter.swift in Sources */ = {isa = PBXBuildFile; fileRef = 1A2B3C4D5E6F700000000122 /* DeviceCompatibilityReportExporter.swift */; };
		1A2B3C4D5E6F7000000001F6 /* AppStoreScreenshotPackExporter.swift in Sources */ = {isa = PBXBuildFile; fileRef = 1A2B3C4D5E6F700000000123 /* AppStoreScreenshotPackExporter.swift */; };
		1A2B3C4D5E6F7000000001F7 /* DeviceTestKitExporter.swift in Sources */ = {isa = PBXBuildFile; fileRef = 1A2B3C4D5E6F700000000124 /* DeviceTestKitExporter.swift */; };
		1A2B3C4D5E6F7000000001F8 /* USBDeviceSyncExporter.swift in Sources */ = {isa = PBXBuildFile; fileRef = 1A2B3C4D5E6F700000000125 /* USBDeviceSyncExporter.swift */; };
		1A2B3C4D5E6F7000000001F9 /* PublishPresetExporter.swift in Sources */ = {isa = PBXBuildFile; fileRef = 1A2B3C4D5E6F700000000126 /* PublishPresetExporter.swift */; };
		1A2B3C4D5E6F7000000001FA /* StarterPackManager.swift in Sources */ = {isa = PBXBuildFile; fileRef = 1A2B3C4D5E6F700000000127 /* StarterPackManager.swift */; };
		1A2B3C4D5E6F7000000001FB /* AccessibilityChecker.swift in Sources */ = {isa = PBXBuildFile; fileRef = 1A2B3C4D5E6F700000000128 /* AccessibilityChecker.swift */; };
		1A2B3C4D5E6F7000000001FC /* AccessibilityReportExporter.swift in Sources */ = {isa = PBXBuildFile; fileRef = 1A2B3C4D5E6F700000000129 /* AccessibilityReportExporter.swift */; };
		1A2B3C4D5E6F7000000001FD /* GeniusEngine.swift in Sources */ = {isa = PBXBuildFile; fileRef = 1A2B3C4D5E6F700000000130 /* GeniusEngine.swift */; };
		1A2B3C4D5E6F7000000001FE /* PrivacyPermissionChecker.swift in Sources */ = {isa = PBXBuildFile; fileRef = 1A2B3C4D5E6F700000000131 /* PrivacyPermissionChecker.swift */; };
		1A2B3C4D5E6F7000000001FF /* PrivacyPermissionReportExporter.swift in Sources */ = {isa = PBXBuildFile; fileRef = 1A2B3C4D5E6F700000000132 /* PrivacyPermissionReportExporter.swift */; };
		1A2B3C4D5E6F700000000200 /* StorePrivacyPackExporter.swift in Sources */ = {isa = PBXBuildFile; fileRef = 1A2B3C4D5E6F700000000133 /* StorePrivacyPackExporter.swift */; };
		1A2B3C4D5E6F700000000201 /* LaunchChecklistPackExporter.swift in Sources */ = {isa = PBXBuildFile; fileRef = 1A2B3C4D5E6F700000000134 /* LaunchChecklistPackExporter.swift */; };
		1A2B3C4D5E6F700000000202 /* SecurityHeadersPackExporter.swift in Sources */ = {isa = PBXBuildFile; fileRef = 1A2B3C4D5E6F700000000135 /* SecurityHeadersPackExporter.swift */; };
		1A2B3C4D5E6F700000000203 /* SEOSharePackExporter.swift in Sources */ = {isa = PBXBuildFile; fileRef = 1A2B3C4D5E6F700000000136 /* SEOSharePackExporter.swift */; };
		1A2B3C4D5E6F700000000204 /* LocalizationPackExporter.swift in Sources */ = {isa = PBXBuildFile; fileRef = 1A2B3C4D5E6F700000000137 /* LocalizationPackExporter.swift */; };
		1A2B3C4D5E6F700000000205 /* AnalyticsPlanPackExporter.swift in Sources */ = {isa = PBXBuildFile; fileRef = 1A2B3C4D5E6F700000000138 /* AnalyticsPlanPackExporter.swift */; };
		1A2B3C4D5E6F700000000206 /* PerformanceBudgetPackExporter.swift in Sources */ = {isa = PBXBuildFile; fileRef = 1A2B3C4D5E6F700000000139 /* PerformanceBudgetPackExporter.swift */; };
		1A2B3C4D5E6F700000000207 /* BetaFeedbackPackExporter.swift in Sources */ = {isa = PBXBuildFile; fileRef = 1A2B3C4D5E6F70000000013A /* BetaFeedbackPackExporter.swift */; };
		1A2B3C4D5E6F700000000208 /* SupportHandoffPackExporter.swift in Sources */ = {isa = PBXBuildFile; fileRef = 1A2B3C4D5E6F70000000013B /* SupportHandoffPackExporter.swift */; };
		1A2B3C4D5E6F700000000209 /* ReleaseNotesPackExporter.swift in Sources */ = {isa = PBXBuildFile; fileRef = 1A2B3C4D5E6F70000000013C /* ReleaseNotesPackExporter.swift */; };
		1A2B3C4D5E6F70000000020A /* ComplianceReviewPackExporter.swift in Sources */ = {isa = PBXBuildFile; fileRef = 1A2B3C4D5E6F70000000013D /* ComplianceReviewPackExporter.swift */; };
		1A2B3C4D5E6F70000000020B /* MaintenancePlanPackExporter.swift in Sources */ = {isa = PBXBuildFile; fileRef = 1A2B3C4D5E6F70000000013E /* MaintenancePlanPackExporter.swift */; };
/* End PBXBuildFile section */

/* Begin PBXFileReference section */
		1A2B3C4D5E6F700000000020 /* WebAppStudio.app */ = {isa = PBXFileReference; explicitFileType = wrapper.application; includeInIndex = 0; path = WebAppStudio.app; sourceTree = BUILT_PRODUCTS_DIR; };
		1A2B3C4D5E6F700000000101 /* WebAppStudioApp.swift */ = {isa = PBXFileReference; lastKnownFileType = sourcecode.swift; path = WebAppStudioApp.swift; sourceTree = "<group>"; };
		1A2B3C4D5E6F700000000102 /* ContentView.swift */ = {isa = PBXFileReference; lastKnownFileType = sourcecode.swift; path = ContentView.swift; sourceTree = "<group>"; };
		1A2B3C4D5E6F700000000103 /* Models.swift */ = {isa = PBXFileReference; lastKnownFileType = sourcecode.swift; path = Models.swift; sourceTree = "<group>"; };
		1A2B3C4D5E6F700000000104 /* WebAppDocument.swift */ = {isa = PBXFileReference; lastKnownFileType = sourcecode.swift; path = WebAppDocument.swift; sourceTree = "<group>"; };
		1A2B3C4D5E6F700000000105 /* WebPreview.swift */ = {isa = PBXFileReference; lastKnownFileType = sourcecode.swift; path = WebPreview.swift; sourceTree = "<group>"; };
		1A2B3C4D5E6F700000000106 /* Exporter.swift */ = {isa = PBXFileReference; lastKnownFileType = sourcecode.swift; path = Exporter.swift; sourceTree = "<group>"; };
		1A2B3C4D5E6F700000000107 /* Assets.xcassets */ = {isa = PBXFileReference; lastKnownFileType = folder.assetcatalog; path = Assets.xcassets; sourceTree = "<group>"; };
		1A2B3C4D5E6F700000000108 /* Info.plist */ = {isa = PBXFileReference; lastKnownFileType = text.plist.xml; path = Info.plist; sourceTree = "<group>"; };
		1A2B3C4D5E6F700000000109 /* ProjectFileManager.swift */ = {isa = PBXFileReference; lastKnownFileType = sourcecode.swift; path = ProjectFileManager.swift; sourceTree = "<group>"; };
		1A2B3C4D5E6F700000000110 /* Templates.swift */ = {isa = PBXFileReference; lastKnownFileType = sourcecode.swift; path = Templates.swift; sourceTree = "<group>"; };
		1A2B3C4D5E6F700000000111 /* ReadinessChecker.swift */ = {isa = PBXFileReference; lastKnownFileType = sourcecode.swift; path = ReadinessChecker.swift; sourceTree = "<group>"; };
		1A2B3C4D5E6F700000000112 /* WebAppIconRenderer.swift */ = {isa = PBXFileReference; lastKnownFileType = sourcecode.swift; path = WebAppIconRenderer.swift; sourceTree = "<group>"; };
		1A2B3C4D5E6F700000000113 /* WebAppImporter.swift */ = {isa = PBXFileReference; lastKnownFileType = sourcecode.swift; path = WebAppImporter.swift; sourceTree = "<group>"; };
		1A2B3C4D5E6F700000000114 /* LocalPreviewServer.swift */ = {isa = PBXFileReference; lastKnownFileType = sourcecode.swift; path = LocalPreviewServer.swift; sourceTree = "<group>"; };
		1A2B3C4D5E6F700000000115 /* QRCodeRenderer.swift */ = {isa = PBXFileReference; lastKnownFileType = sourcecode.swift; path = QRCodeRenderer.swift; sourceTree = "<group>"; };
		1A2B3C4D5E6F700000000116 /* PerformanceBudgetChecker.swift */ = {isa = PBXFileReference; lastKnownFileType = sourcecode.swift; path = PerformanceBudgetChecker.swift; sourceTree = "<group>"; };
		1A2B3C4D5E6F700000000117 /* SnippetLibrary.swift */ = {isa = PBXFileReference; lastKnownFileType = sourcecode.swift; path = SnippetLibrary.swift; sourceTree = "<group>"; };
		1A2B3C4D5E6F700000000118 /* ZipArchive.swift */ = {isa = PBXFileReference; lastKnownFileType = sourcecode.swift; path = ZipArchive.swift; sourceTree = "<group>"; };
		1A2B3C4D5E6F700000000119 /* DeploymentReportExporter.swift */ = {isa = PBXFileReference; lastKnownFileType = sourcecode.swift; path = DeploymentReportExporter.swift; sourceTree = "<group>"; };
		1A2B3C4D5E6F700000000120 /* PreviewScreenshotExporter.swift */ = {isa = PBXFileReference; lastKnownFileType = sourcecode.swift; path = PreviewScreenshotExporter.swift; sourceTree = "<group>"; };
		1A2B3C4D5E6F700000000121 /* DeviceCompatibilityChecker.swift */ = {isa = PBXFileReference; lastKnownFileType = sourcecode.swift; path = DeviceCompatibilityChecker.swift; sourceTree = "<group>"; };
		1A2B3C4D5E6F700000000122 /* DeviceCompatibilityReportExporter.swift */ = {isa = PBXFileReference; lastKnownFileType = sourcecode.swift; path = DeviceCompatibilityReportExporter.swift; sourceTree = "<group>"; };
		1A2B3C4D5E6F700000000123 /* AppStoreScreenshotPackExporter.swift */ = {isa = PBXFileReference; lastKnownFileType = sourcecode.swift; path = AppStoreScreenshotPackExporter.swift; sourceTree = "<group>"; };
		1A2B3C4D5E6F700000000124 /* DeviceTestKitExporter.swift */ = {isa = PBXFileReference; lastKnownFileType = sourcecode.swift; path = DeviceTestKitExporter.swift; sourceTree = "<group>"; };
		1A2B3C4D5E6F700000000125 /* USBDeviceSyncExporter.swift */ = {isa = PBXFileReference; lastKnownFileType = sourcecode.swift; path = USBDeviceSyncExporter.swift; sourceTree = "<group>"; };
		1A2B3C4D5E6F700000000126 /* PublishPresetExporter.swift */ = {isa = PBXFileReference; lastKnownFileType = sourcecode.swift; path = PublishPresetExporter.swift; sourceTree = "<group>"; };
		1A2B3C4D5E6F700000000127 /* StarterPackManager.swift */ = {isa = PBXFileReference; lastKnownFileType = sourcecode.swift; path = StarterPackManager.swift; sourceTree = "<group>"; };
		1A2B3C4D5E6F700000000128 /* AccessibilityChecker.swift */ = {isa = PBXFileReference; lastKnownFileType = sourcecode.swift; path = AccessibilityChecker.swift; sourceTree = "<group>"; };
		1A2B3C4D5E6F700000000129 /* AccessibilityReportExporter.swift */ = {isa = PBXFileReference; lastKnownFileType = sourcecode.swift; path = AccessibilityReportExporter.swift; sourceTree = "<group>"; };
		1A2B3C4D5E6F700000000130 /* GeniusEngine.swift */ = {isa = PBXFileReference; lastKnownFileType = sourcecode.swift; path = GeniusEngine.swift; sourceTree = "<group>"; };
		1A2B3C4D5E6F700000000131 /* PrivacyPermissionChecker.swift */ = {isa = PBXFileReference; lastKnownFileType = sourcecode.swift; path = PrivacyPermissionChecker.swift; sourceTree = "<group>"; };
		1A2B3C4D5E6F700000000132 /* PrivacyPermissionReportExporter.swift */ = {isa = PBXFileReference; lastKnownFileType = sourcecode.swift; path = PrivacyPermissionReportExporter.swift; sourceTree = "<group>"; };
		1A2B3C4D5E6F700000000133 /* StorePrivacyPackExporter.swift */ = {isa = PBXFileReference; lastKnownFileType = sourcecode.swift; path = StorePrivacyPackExporter.swift; sourceTree = "<group>"; };
		1A2B3C4D5E6F700000000134 /* LaunchChecklistPackExporter.swift */ = {isa = PBXFileReference; lastKnownFileType = sourcecode.swift; path = LaunchChecklistPackExporter.swift; sourceTree = "<group>"; };
		1A2B3C4D5E6F700000000135 /* SecurityHeadersPackExporter.swift */ = {isa = PBXFileReference; lastKnownFileType = sourcecode.swift; path = SecurityHeadersPackExporter.swift; sourceTree = "<group>"; };
		1A2B3C4D5E6F700000000136 /* SEOSharePackExporter.swift */ = {isa = PBXFileReference; lastKnownFileType = sourcecode.swift; path = SEOSharePackExporter.swift; sourceTree = "<group>"; };
		1A2B3C4D5E6F700000000137 /* LocalizationPackExporter.swift */ = {isa = PBXFileReference; lastKnownFileType = sourcecode.swift; path = LocalizationPackExporter.swift; sourceTree = "<group>"; };
		1A2B3C4D5E6F700000000138 /* AnalyticsPlanPackExporter.swift */ = {isa = PBXFileReference; lastKnownFileType = sourcecode.swift; path = AnalyticsPlanPackExporter.swift; sourceTree = "<group>"; };
		1A2B3C4D5E6F700000000139 /* PerformanceBudgetPackExporter.swift */ = {isa = PBXFileReference; lastKnownFileType = sourcecode.swift; path = PerformanceBudgetPackExporter.swift; sourceTree = "<group>"; };
		1A2B3C4D5E6F70000000013A /* BetaFeedbackPackExporter.swift */ = {isa = PBXFileReference; lastKnownFileType = sourcecode.swift; path = BetaFeedbackPackExporter.swift; sourceTree = "<group>"; };
		1A2B3C4D5E6F70000000013B /* SupportHandoffPackExporter.swift */ = {isa = PBXFileReference; lastKnownFileType = sourcecode.swift; path = SupportHandoffPackExporter.swift; sourceTree = "<group>"; };
		1A2B3C4D5E6F70000000013C /* ReleaseNotesPackExporter.swift */ = {isa = PBXFileReference; lastKnownFileType = sourcecode.swift; path = ReleaseNotesPackExporter.swift; sourceTree = "<group>"; };
		1A2B3C4D5E6F70000000013D /* ComplianceReviewPackExporter.swift */ = {isa = PBXFileReference; lastKnownFileType = sourcecode.swift; path = ComplianceReviewPackExporter.swift; sourceTree = "<group>"; };
		1A2B3C4D5E6F70000000013E /* MaintenancePlanPackExporter.swift */ = {isa = PBXFileReference; lastKnownFileType = sourcecode.swift; path = MaintenancePlanPackExporter.swift; sourceTree = "<group>"; };
/* End PBXFileReference section */

/* Begin PBXFrameworksBuildPhase section */
		1A2B3C4D5E6F700000000030 /* Frameworks */ = {
			isa = PBXFrameworksBuildPhase;
			buildActionMask = 2147483647;
			files = (
			);
			runOnlyForDeploymentPostprocessing = 0;
		};
/* End PBXFrameworksBuildPhase section */

/* Begin PBXGroup section */
		1A2B3C4D5E6F700000000040 = {
			isa = PBXGroup;
			children = (
				1A2B3C4D5E6F700000000050 /* WebAppStudio */,
				1A2B3C4D5E6F700000000060 /* Products */,
			);
			sourceTree = "<group>";
		};
		1A2B3C4D5E6F700000000050 /* WebAppStudio */ = {
			isa = PBXGroup;
			children = (
				1A2B3C4D5E6F700000000101 /* WebAppStudioApp.swift */,
				1A2B3C4D5E6F700000000102 /* ContentView.swift */,
				1A2B3C4D5E6F700000000103 /* Models.swift */,
				1A2B3C4D5E6F700000000104 /* WebAppDocument.swift */,
				1A2B3C4D5E6F700000000105 /* WebPreview.swift */,
				1A2B3C4D5E6F700000000106 /* Exporter.swift */,
				1A2B3C4D5E6F700000000109 /* ProjectFileManager.swift */,
				1A2B3C4D5E6F700000000110 /* Templates.swift */,
				1A2B3C4D5E6F700000000111 /* ReadinessChecker.swift */,
				1A2B3C4D5E6F700000000112 /* WebAppIconRenderer.swift */,
				1A2B3C4D5E6F700000000113 /* WebAppImporter.swift */,
				1A2B3C4D5E6F700000000114 /* LocalPreviewServer.swift */,
				1A2B3C4D5E6F700000000115 /* QRCodeRenderer.swift */,
				1A2B3C4D5E6F700000000116 /* PerformanceBudgetChecker.swift */,
				1A2B3C4D5E6F700000000117 /* SnippetLibrary.swift */,
				1A2B3C4D5E6F700000000118 /* ZipArchive.swift */,
				1A2B3C4D5E6F700000000119 /* DeploymentReportExporter.swift */,
				1A2B3C4D5E6F700000000120 /* PreviewScreenshotExporter.swift */,
				1A2B3C4D5E6F700000000121 /* DeviceCompatibilityChecker.swift */,
				1A2B3C4D5E6F700000000122 /* DeviceCompatibilityReportExporter.swift */,
				1A2B3C4D5E6F700000000123 /* AppStoreScreenshotPackExporter.swift */,
				1A2B3C4D5E6F700000000124 /* DeviceTestKitExporter.swift */,
				1A2B3C4D5E6F700000000125 /* USBDeviceSyncExporter.swift */,
				1A2B3C4D5E6F700000000126 /* PublishPresetExporter.swift */,
				1A2B3C4D5E6F700000000127 /* StarterPackManager.swift */,
				1A2B3C4D5E6F700000000128 /* AccessibilityChecker.swift */,
				1A2B3C4D5E6F700000000129 /* AccessibilityReportExporter.swift */,
				1A2B3C4D5E6F700000000130 /* GeniusEngine.swift */,
				1A2B3C4D5E6F700000000131 /* PrivacyPermissionChecker.swift */,
				1A2B3C4D5E6F700000000132 /* PrivacyPermissionReportExporter.swift */,
				1A2B3C4D5E6F700000000133 /* StorePrivacyPackExporter.swift */,
				1A2B3C4D5E6F700000000134 /* LaunchChecklistPackExporter.swift */,
				1A2B3C4D5E6F700000000135 /* SecurityHeadersPackExporter.swift */,
				1A2B3C4D5E6F700000000136 /* SEOSharePackExporter.swift */,
				1A2B3C4D5E6F700000000137 /* LocalizationPackExporter.swift */,
				1A2B3C4D5E6F700000000138 /* AnalyticsPlanPackExporter.swift */,
				1A2B3C4D5E6F700000000139 /* PerformanceBudgetPackExporter.swift */,
				1A2B3C4D5E6F70000000013A /* BetaFeedbackPackExporter.swift */,
				1A2B3C4D5E6F70000000013B /* SupportHandoffPackExporter.swift */,
				1A2B3C4D5E6F70000000013C /* ReleaseNotesPackExporter.swift */,
				1A2B3C4D5E6F70000000013D /* ComplianceReviewPackExporter.swift */,
				1A2B3C4D5E6F70000000013E /* MaintenancePlanPackExporter.swift */,
				1A2B3C4D5E6F700000000107 /* Assets.xcassets */,
				1A2B3C4D5E6F700000000108 /* Info.plist */,
			);
			path = WebAppStudio;
			sourceTree = "<group>";
		};
		1A2B3C4D5E6F700000000060 /* Products */ = {
			isa = PBXGroup;
			children = (
				1A2B3C4D5E6F700000000020 /* WebAppStudio.app */,
			);
			name = Products;
			sourceTree = "<group>";
		};
/* End PBXGroup section */

/* Begin PBXNativeTarget section */
		1A2B3C4D5E6F700000000070 /* WebAppStudio */ = {
			isa = PBXNativeTarget;
			buildConfigurationList = 1A2B3C4D5E6F700000000090 /* Build configuration list for PBXNativeTarget "WebAppStudio" */;
			buildPhases = (
				1A2B3C4D5E6F700000000080 /* Sources */,
				1A2B3C4D5E6F700000000030 /* Frameworks */,
				1A2B3C4D5E6F700000000081 /* Resources */,
			);
			buildRules = (
			);
			dependencies = (
			);
			name = WebAppStudio;
			productName = WebAppStudio;
			productReference = 1A2B3C4D5E6F700000000020 /* WebAppStudio.app */;
			productType = "com.apple.product-type.application";
		};
/* End PBXNativeTarget section */

/* Begin PBXProject section */
		1A2B3C4D5E6F700000000000 /* Project object */ = {
			isa = PBXProject;
			attributes = {
				BuildIndependentTargetsInParallel = 1;
				LastSwiftUpdateCheck = 1600;
				LastUpgradeCheck = 1600;
				TargetAttributes = {
					1A2B3C4D5E6F700000000070 = {
						CreatedOnToolsVersion = 16.0;
					};
				};
			};
			buildConfigurationList = 1A2B3C4D5E6F700000000010 /* Build configuration list for PBXProject "WebAppStudio" */;
			compatibilityVersion = "Xcode 14.0";
			developmentRegion = en;
			hasScannedForEncodings = 0;
			knownRegions = (
				en,
				Base,
			);
			mainGroup = 1A2B3C4D5E6F700000000040;
			productRefGroup = 1A2B3C4D5E6F700000000060 /* Products */;
			projectDirPath = "";
			projectRoot = "";
			targets = (
				1A2B3C4D5E6F700000000070 /* WebAppStudio */,
			);
		};
/* End PBXProject section */

/* Begin PBXResourcesBuildPhase section */
		1A2B3C4D5E6F700000000081 /* Resources */ = {
			isa = PBXResourcesBuildPhase;
			buildActionMask = 2147483647;
			files = (
				1A2B3C4D5E6F700000000007 /* Assets.xcassets in Resources */,
			);
			runOnlyForDeploymentPostprocessing = 0;
		};
/* End PBXResourcesBuildPhase section */

/* Begin PBXSourcesBuildPhase section */
		1A2B3C4D5E6F700000000080 /* Sources */ = {
			isa = PBXSourcesBuildPhase;
			buildActionMask = 2147483647;
			files = (
				1A2B3C4D5E6F700000000001 /* WebAppStudioApp.swift in Sources */,
				1A2B3C4D5E6F700000000002 /* ContentView.swift in Sources */,
				1A2B3C4D5E6F700000000003 /* Models.swift in Sources */,
				1A2B3C4D5E6F700000000004 /* WebAppDocument.swift in Sources */,
				1A2B3C4D5E6F700000000005 /* WebPreview.swift in Sources */,
				1A2B3C4D5E6F700000000006 /* Exporter.swift in Sources */,
				1A2B3C4D5E6F700000000008 /* ProjectFileManager.swift in Sources */,
				1A2B3C4D5E6F700000000009 /* Templates.swift in Sources */,
				1A2B3C4D5E6F70000000000A /* ReadinessChecker.swift in Sources */,
				1A2B3C4D5E6F70000000000B /* WebAppIconRenderer.swift in Sources */,
				1A2B3C4D5E6F70000000000C /* WebAppImporter.swift in Sources */,
				1A2B3C4D5E6F70000000000D /* LocalPreviewServer.swift in Sources */,
				1A2B3C4D5E6F70000000000E /* QRCodeRenderer.swift in Sources */,
				1A2B3C4D5E6F70000000000F /* PerformanceBudgetChecker.swift in Sources */,
				1A2B3C4D5E6F7000000001F0 /* SnippetLibrary.swift in Sources */,
				1A2B3C4D5E6F7000000001F1 /* ZipArchive.swift in Sources */,
				1A2B3C4D5E6F7000000001F2 /* DeploymentReportExporter.swift in Sources */,
				1A2B3C4D5E6F7000000001F3 /* PreviewScreenshotExporter.swift in Sources */,
				1A2B3C4D5E6F7000000001F4 /* DeviceCompatibilityChecker.swift in Sources */,
				1A2B3C4D5E6F7000000001F5 /* DeviceCompatibilityReportExporter.swift in Sources */,
				1A2B3C4D5E6F7000000001F6 /* AppStoreScreenshotPackExporter.swift in Sources */,
				1A2B3C4D5E6F7000000001F7 /* DeviceTestKitExporter.swift in Sources */,
				1A2B3C4D5E6F7000000001F8 /* USBDeviceSyncExporter.swift in Sources */,
				1A2B3C4D5E6F7000000001F9 /* PublishPresetExporter.swift in Sources */,
				1A2B3C4D5E6F7000000001FA /* StarterPackManager.swift in Sources */,
				1A2B3C4D5E6F7000000001FB /* AccessibilityChecker.swift in Sources */,
				1A2B3C4D5E6F7000000001FC /* AccessibilityReportExporter.swift in Sources */,
				1A2B3C4D5E6F7000000001FD /* GeniusEngine.swift in Sources */,
				1A2B3C4D5E6F7000000001FE /* PrivacyPermissionChecker.swift in Sources */,
				1A2B3C4D5E6F7000000001FF /* PrivacyPermissionReportExporter.swift in Sources */,
				1A2B3C4D5E6F700000000200 /* StorePrivacyPackExporter.swift in Sources */,
				1A2B3C4D5E6F700000000201 /* LaunchChecklistPackExporter.swift in Sources */,
				1A2B3C4D5E6F700000000202 /* SecurityHeadersPackExporter.swift in Sources */,
				1A2B3C4D5E6F700000000203 /* SEOSharePackExporter.swift in Sources */,
				1A2B3C4D5E6F700000000204 /* LocalizationPackExporter.swift in Sources */,
				1A2B3C4D5E6F700000000205 /* AnalyticsPlanPackExporter.swift in Sources */,
				1A2B3C4D5E6F700000000206 /* PerformanceBudgetPackExporter.swift in Sources */,
				1A2B3C4D5E6F700000000207 /* BetaFeedbackPackExporter.swift in Sources */,
				1A2B3C4D5E6F700000000208 /* SupportHandoffPackExporter.swift in Sources */,
				1A2B3C4D5E6F700000000209 /* ReleaseNotesPackExporter.swift in Sources */,
				1A2B3C4D5E6F70000000020A /* ComplianceReviewPackExporter.swift in Sources */,
				1A2B3C4D5E6F70000000020B /* MaintenancePlanPackExporter.swift in Sources */,
			);
			runOnlyForDeploymentPostprocessing = 0;
		};
/* End PBXSourcesBuildPhase section */

/* Begin XCBuildConfiguration section */
		1A2B3C4D5E6F700000000011 /* Debug */ = {
			isa = XCBuildConfiguration;
			buildSettings = {
				ALWAYS_SEARCH_USER_PATHS = NO;
				CLANG_ANALYZER_NONNULL = YES;
				CLANG_ANALYZER_NUMBER_OBJECT_CONVERSION = YES_AGGRESSIVE;
				CLANG_CXX_LANGUAGE_STANDARD = "gnu++20";
				CLANG_ENABLE_MODULES = YES;
				CLANG_ENABLE_OBJC_ARC = YES;
				CLANG_ENABLE_OBJC_WEAK = YES;
				CLANG_WARN_BLOCK_CAPTURE_AUTORELEASING = YES;
				CLANG_WARN_BOOL_CONVERSION = YES;
				CLANG_WARN_COMMA = YES;
				CLANG_WARN_CONSTANT_CONVERSION = YES;
				CLANG_WARN_DEPRECATED_OBJC_IMPLEMENTATIONS = YES;
				CLANG_WARN_DIRECT_OBJC_ISA_USAGE = YES_ERROR;
				CLANG_WARN_DOCUMENTATION_COMMENTS = YES;
				CLANG_WARN_EMPTY_BODY = YES;
				CLANG_WARN_ENUM_CONVERSION = YES;
				CLANG_WARN_INFINITE_RECURSION = YES;
				CLANG_WARN_INT_CONVERSION = YES;
				CLANG_WARN_NON_LITERAL_NULL_CONVERSION = YES;
				CLANG_WARN_OBJC_IMPLICIT_RETAIN_SELF = YES;
				CLANG_WARN_OBJC_LITERAL_CONVERSION = YES;
				CLANG_WARN_OBJC_ROOT_CLASS = YES_ERROR;
				CLANG_WARN_QUOTED_INCLUDE_IN_FRAMEWORK_HEADER = YES;
				CLANG_WARN_RANGE_LOOP_ANALYSIS = YES;
				CLANG_WARN_STRICT_PROTOTYPES = YES;
				CLANG_WARN_SUSPICIOUS_MOVE = YES;
				CLANG_WARN_UNGUARDED_AVAILABILITY = YES_AGGRESSIVE;
				CLANG_WARN_UNREACHABLE_CODE = YES;
				CLANG_WARN__DUPLICATE_METHOD_MATCH = YES;
				COPY_PHASE_STRIP = NO;
				DEBUG_INFORMATION_FORMAT = dwarf;
				ENABLE_STRICT_OBJC_MSGSEND = YES;
				ENABLE_TESTABILITY = YES;
				GCC_C_LANGUAGE_STANDARD = gnu17;
				GCC_DYNAMIC_NO_PIC = NO;
				GCC_NO_COMMON_BLOCKS = YES;
				GCC_OPTIMIZATION_LEVEL = 0;
				GCC_PREPROCESSOR_DEFINITIONS = (
					"DEBUG=1",
					"$(inherited)",
				);
				GCC_WARN_64_TO_32_BIT_CONVERSION = YES;
				GCC_WARN_ABOUT_RETURN_TYPE = YES_ERROR;
				GCC_WARN_UNDECLARED_SELECTOR = YES;
				GCC_WARN_UNINITIALIZED_AUTOS = YES_AGGRESSIVE;
				GCC_WARN_UNUSED_FUNCTION = YES;
				GCC_WARN_UNUSED_VARIABLE = YES;
				MACOSX_DEPLOYMENT_TARGET = 14.0;
				MTL_ENABLE_DEBUG_INFO = INCLUDE_SOURCE;
				MTL_FAST_MATH = YES;
				ONLY_ACTIVE_ARCH = YES;
				SDKROOT = macosx;
				SWIFT_ACTIVE_COMPILATION_CONDITIONS = DEBUG;
				SWIFT_OPTIMIZATION_LEVEL = "-Onone";
			};
			name = Debug;
		};
		1A2B3C4D5E6F700000000012 /* Release */ = {
			isa = XCBuildConfiguration;
			buildSettings = {
				ALWAYS_SEARCH_USER_PATHS = NO;
				CLANG_ANALYZER_NONNULL = YES;
				CLANG_ANALYZER_NUMBER_OBJECT_CONVERSION = YES_AGGRESSIVE;
				CLANG_CXX_LANGUAGE_STANDARD = "gnu++20";
				CLANG_ENABLE_MODULES = YES;
				CLANG_ENABLE_OBJC_ARC = YES;
				CLANG_ENABLE_OBJC_WEAK = YES;
				CLANG_WARN_BLOCK_CAPTURE_AUTORELEASING = YES;
				CLANG_WARN_BOOL_CONVERSION = YES;
				CLANG_WARN_COMMA = YES;
				CLANG_WARN_CONSTANT_CONVERSION = YES;
				CLANG_WARN_DEPRECATED_OBJC_IMPLEMENTATIONS = YES;
				CLANG_WARN_DIRECT_OBJC_ISA_USAGE = YES_ERROR;
				CLANG_WARN_DOCUMENTATION_COMMENTS = YES;
				CLANG_WARN_EMPTY_BODY = YES;
				CLANG_WARN_ENUM_CONVERSION = YES;
				CLANG_WARN_INFINITE_RECURSION = YES;
				CLANG_WARN_INT_CONVERSION = YES;
				CLANG_WARN_NON_LITERAL_NULL_CONVERSION = YES;
				CLANG_WARN_OBJC_IMPLICIT_RETAIN_SELF = YES;
				CLANG_WARN_OBJC_LITERAL_CONVERSION = YES;
				CLANG_WARN_OBJC_ROOT_CLASS = YES_ERROR;
				CLANG_WARN_QUOTED_INCLUDE_IN_FRAMEWORK_HEADER = YES;
				CLANG_WARN_RANGE_LOOP_ANALYSIS = YES;
				CLANG_WARN_STRICT_PROTOTYPES = YES;
				CLANG_WARN_SUSPICIOUS_MOVE = YES;
				CLANG_WARN_UNGUARDED_AVAILABILITY = YES_AGGRESSIVE;
				CLANG_WARN_UNREACHABLE_CODE = YES;
				CLANG_WARN__DUPLICATE_METHOD_MATCH = YES;
				COPY_PHASE_STRIP = NO;
				DEBUG_INFORMATION_FORMAT = "dwarf-with-dsym";
				ENABLE_NS_ASSERTIONS = NO;
				ENABLE_STRICT_OBJC_MSGSEND = YES;
				GCC_C_LANGUAGE_STANDARD = gnu17;
				GCC_NO_COMMON_BLOCKS = YES;
				GCC_WARN_64_TO_32_BIT_CONVERSION = YES;
				GCC_WARN_ABOUT_RETURN_TYPE = YES_ERROR;
				GCC_WARN_UNDECLARED_SELECTOR = YES;
				GCC_WARN_UNINITIALIZED_AUTOS = YES_AGGRESSIVE;
				GCC_WARN_UNUSED_FUNCTION = YES;
				GCC_WARN_UNUSED_VARIABLE = YES;
				MACOSX_DEPLOYMENT_TARGET = 14.0;
				MTL_ENABLE_DEBUG_INFO = NO;
				MTL_FAST_MATH = YES;
				SDKROOT = macosx;
				SWIFT_COMPILATION_MODE = wholemodule;
			};
			name = Release;
		};
		1A2B3C4D5E6F700000000091 /* Debug */ = {
			isa = XCBuildConfiguration;
			buildSettings = {
				ASSETCATALOG_COMPILER_APPICON_NAME = AppIcon;
				CODE_SIGN_ENTITLEMENTS = "";
				CODE_SIGN_STYLE = Automatic;
				COMBINE_HIDPI_IMAGES = YES;
				CURRENT_PROJECT_VERSION = 1;
				DEVELOPMENT_TEAM = "";
				ENABLE_HARDENED_RUNTIME = YES;
				GENERATE_INFOPLIST_FILE = NO;
				INFOPLIST_FILE = WebAppStudio/Info.plist;
				LD_RUNPATH_SEARCH_PATHS = (
					"$(inherited)",
					"@executable_path/../Frameworks",
				);
				MACOSX_DEPLOYMENT_TARGET = 14.0;
				MARKETING_VERSION = 1.0;
				PRODUCT_BUNDLE_IDENTIFIER = com.example.WebAppStudio;
				PRODUCT_NAME = "$(TARGET_NAME)";
				SWIFT_EMIT_LOC_STRINGS = YES;
				SWIFT_VERSION = 5.0;
			};
			name = Debug;
		};
		1A2B3C4D5E6F700000000092 /* Release */ = {
			isa = XCBuildConfiguration;
			buildSettings = {
				ASSETCATALOG_COMPILER_APPICON_NAME = AppIcon;
				CODE_SIGN_ENTITLEMENTS = "";
				CODE_SIGN_STYLE = Automatic;
				COMBINE_HIDPI_IMAGES = YES;
				CURRENT_PROJECT_VERSION = 1;
				DEVELOPMENT_TEAM = "";
				ENABLE_HARDENED_RUNTIME = YES;
				GENERATE_INFOPLIST_FILE = NO;
				INFOPLIST_FILE = WebAppStudio/Info.plist;
				LD_RUNPATH_SEARCH_PATHS = (
					"$(inherited)",
					"@executable_path/../Frameworks",
				);
				MACOSX_DEPLOYMENT_TARGET = 14.0;
				MARKETING_VERSION = 1.0;
				PRODUCT_BUNDLE_IDENTIFIER = com.example.WebAppStudio;
				PRODUCT_NAME = "$(TARGET_NAME)";
				SWIFT_EMIT_LOC_STRINGS = YES;
				SWIFT_VERSION = 5.0;
			};
			name = Release;
		};
/* End XCBuildConfiguration section */

/* Begin XCConfigurationList section */
		1A2B3C4D5E6F700000000010 /* Build configuration list for PBXProject "WebAppStudio" */ = {
			isa = XCConfigurationList;
			buildConfigurations = (
				1A2B3C4D5E6F700000000011 /* Debug */,
				1A2B3C4D5E6F700000000012 /* Release */,
			);
			defaultConfigurationIsVisible = 0;
			defaultConfigurationName = Release;
		};
		1A2B3C4D5E6F700000000090 /* Build configuration list for PBXNativeTarget "WebAppStudio" */ = {
			isa = XCConfigurationList;
			buildConfigurations = (
				1A2B3C4D5E6F700000000091 /* Debug */,
				1A2B3C4D5E6F700000000092 /* Release */,
			);
			defaultConfigurationIsVisible = 0;
			defaultConfigurationName = Release;
		};
/* End XCConfigurationList section */
	};
	rootObject = 1A2B3C4D5E6F700000000000 /* Project object */;
}
